Microsoft Visual Studio Solution File, Format Version 12.00
# Visual Studio 14
Project("{8BC9CEB8-8B4A-11D0-8D11-00A0C91BC942}") = "ALL_BUILD", "ALL_BUILD.vcxproj", "{6883963F-317D-3E2A-82B3-09C48F9469C3}"
	ProjectSection(ProjectDependencies) = postProject
		{F39F2B3E-EAB7-3ABA-9375-672BAB079060} = {F39F2B3E-EAB7-3ABA-9375-672BAB079060}
		{2E2EC6BB-70CA-31D3-BDF8-78215055EBEE} = {2E2EC6BB-70CA-31D3-BDF8-78215055EBEE}
		{A5D67128-1B05-3B48-88C5-6515C8335872} = {A5D67128-1B05-3B48-88C5-6515C8335872}
		{E1AFD59A-6775-339F-83B3-F333FC02501E} = {E1AFD59A-6775-339F-83B3-F333FC02501E}
		{3513C6DC-4C25-3A6A-830A-848272A76E88} = {3513C6DC-4C25-3A6A-830A-848272A76E88}
		{91544D12-BC6C-3082-AB91-68A25EA37BDD} = {91544D12-BC6C-3082-AB91-68A25EA37BDD}
		{F1DA5938-4BB7-3A6A-B94C-F24944161081} = {F1DA5938-4BB7-3A6A-B94C-F24944161081}
		{9CD29ACC-6400-323A-A2C4-DAFF2E4A7D51} = {9CD29ACC-6400-323A-A2C4-DAFF2E4A7D51}
		{B15B1094-406C-39E5-A84D-1017E1A45AB3} = {B15B1094-406C-39E5-A84D-1017E1A45AB3}
		{442683B6-3811-3764-BE5E-475BB0CE4F55} = {442683B6-3811-3764-BE5E-475BB0CE4F55}
		{B38042E4-3209-3A7E-8C2D-7E2C18426D11} = {B38042E4-3209-3A7E-8C2D-7E2C18426D11}
		{95C84D34-FE44-3F83-B138-EFCCE99090AB} = {95C84D34-FE44-3F83-B138-EFCCE99090AB}
	EndProjectSection
EndProject
Project("{8BC9CEB8-8B4A-11D0-8D11-00A0C91BC942}") = "INSTALL", "INSTALL.vcxproj", "{C86BB4D2-5AA4-3236-890B-21DAF392F1DB}"
	ProjectSection(ProjectDependencies) = postProject
		{6883963F-317D-3E2A-82B3-09C48F9469C3} = {6883963F-317D-3E2A-82B3-09C48F9469C3}
		{F39F2B3E-EAB7-3ABA-9375-672BAB079060} = {F39F2B3E-EAB7-3ABA-9375-672BAB079060}
	EndProjectSection
EndProject
Project("{8BC9CEB8-8B4A-11D0-8D11-00A0C91BC942}") = "ZERO_CHECK", "ZERO_CHECK.vcxproj", "{F39F2B3E-EAB7-3ABA-9375-672BAB079060}"
	ProjectSection(ProjectDependencies) = postProject
	EndProjectSection
EndProject
Project("{8BC9CEB8-8B4A-11D0-8D11-00A0C91BC942}") = "libminiupnpc-shared", "libminiupnpc-shared.vcxproj", "{2E2EC6BB-70CA-31D3-BDF8-78215055EBEE}"
	ProjectSection(ProjectDependencies) = postProject
		{F39F2B3E-EAB7-3ABA-9375-672BAB079060} = {F39F2B3E-EAB7-3ABA-9375-672BAB079060}
	EndProjectSection
EndProject
Project("{8BC9CEB8-8B4A-11D0-8D11-00A0C91BC942}") = "libminiupnpc-static", "libminiupnpc-static.vcxproj", "{A5D67128-1B05-3B48-88C5-6515C8335872}"
	ProjectSection(ProjectDependencies) = postProject
		{F39F2B3E-EAB7-3ABA-9375-672BAB079060} = {F39F2B3E-EAB7-3ABA-9375-672BAB079060}
	EndProjectSection
EndProject
Project("{8BC9CEB8-8B4A-11D0-8D11-00A0C91BC942}") = "listdevices", "listdevices.vcxproj", "{E1AFD59A-6775-339F-83B3-F333FC02501E}"
	ProjectSection(ProjectDependencies) = postProject
		{F39F2B3E-EAB7-3ABA-9375-672BAB079060} = {F39F2B3E-EAB7-3ABA-9375-672BAB079060}
		{2E2EC6BB-70CA-31D3-BDF8-78215055EBEE} = {2E2EC6BB-70CA-31D3-BDF8-78215055EBEE}
	EndProjectSection
EndProject
Project("{8BC9CEB8-8B4A-11D0-8D11-00A0C91BC942}") = "minixmlvalid", "minixmlvalid.vcxproj", "{3513C6DC-4C25-3A6A-830A-848272A76E88}"
	ProjectSection(ProjectDependencies) = postProject
		{F39F2B3E-EAB7-3ABA-9375-672BAB079060} = {F39F2B3E-EAB7-3ABA-9375-672BAB079060}
	EndProjectSection
EndProject
Project("{8BC9CEB8-8B4A-11D0-8D11-00A0C91BC942}") = "testaddr_is_reserved", "testaddr_is_reserved.vcxproj", "{91544D12-BC6C-3082-AB91-68A25EA37BDD}"
	ProjectSection(ProjectDependencies) = postProject
		{F39F2B3E-EAB7-3ABA-9375-672BAB079060} = {F39F2B3E-EAB7-3ABA-9375-672BAB079060}
	EndProjectSection
EndProject
Project("{8BC9CEB8-8B4A-11D0-8D11-00A0C91BC942}") = "testigddescparse", "testigddescparse.vcxproj", "{F1DA5938-4BB7-3A6A-B94C-F24944161081}"
	ProjectSection(ProjectDependencies) = postProject
		{F39F2B3E-EAB7-3ABA-9375-672BAB079060} = {F39F2B3E-EAB7-3ABA-9375-672BAB079060}
	EndProjectSection
EndProject
Project("{8BC9CEB8-8B4A-11D0-8D11-00A0C91BC942}") = "testminiwget", "testminiwget.vcxproj", "{9CD29ACC-6400-323A-A2C4-DAFF2E4A7D51}"
	ProjectSection(ProjectDependencies) = postProject
		{F39F2B3E-EAB7-3ABA-9375-672BAB079060} = {F39F2B3E-EAB7-3ABA-9375-672BAB079060}
	EndProjectSection
EndProject
Project("{8BC9CEB8-8B4A-11D0-8D11-00A0C91BC942}") = "testminixml", "testminixml.vcxproj", "{B15B1094-406C-39E5-A84D-1017E1A45AB3}"
	ProjectSection(ProjectDependencies) = postProject
		{F39F2B3E-EAB7-3ABA-9375-672BAB079060} = {F39F2B3E-EAB7-3ABA-9375-672BAB079060}
	EndProjectSection
EndProject
Project("{8BC9CEB8-8B4A-11D0-8D11-00A0C91BC942}") = "testupnpreplyparse", "testupnpreplyparse.vcxproj", "{442683B6-3811-3764-BE5E-475BB0CE4F55}"
	ProjectSection(ProjectDependencies) = postProject
		{F39F2B3E-EAB7-3ABA-9375-672BAB079060} = {F39F2B3E-EAB7-3ABA-9375-672BAB079060}
	EndProjectSection
EndProject
Project("{8BC9CEB8-8B4A-11D0-8D11-00A0C91BC942}") = "upnpc-shared", "upnpc-shared.vcxproj", "{B38042E4-3209-3A7E-8C2D-7E2C18426D11}"
	ProjectSection(ProjectDependencies) = postProject
		{F39F2B3E-EAB7-3ABA-9375-672BAB079060} = {F39F2B3E-EAB7-3ABA-9375-672BAB079060}
		{2E2EC6BB-70CA-31D3-BDF8-78215055EBEE} = {2E2EC6BB-70CA-31D3-BDF8-78215055EBEE}
	EndProjectSection
EndProject
Project("{8BC9CEB8-8B4A-11D0-8D11-00A0C91BC942}") = "upnpc-static", "upnpc-static.vcxproj", "{95C84D34-FE44-3F83-B138-EFCCE99090AB}"
	ProjectSection(ProjectDependencies) = postProject
		{F39F2B3E-EAB7-3ABA-9375-672BAB079060} = {F39F2B3E-EAB7-3ABA-9375-672BAB079060}
		{A5D67128-1B05-3B48-88C5-6515C8335872} = {A5D67128-1B05-3B48-88C5-6515C8335872}
	EndProjectSection
EndProject
Global
	GlobalSection(SolutionConfigurationPlatforms) = preSolution
		Debug|x64 = Debug|x64
		Release|x64 = Release|x64
		MinSizeRel|x64 = MinSizeRel|x64
		RelWithDebInfo|x64 = RelWithDebInfo|x64
	EndGlobalSection
	GlobalSection(ProjectConfigurationPlatforms) = postSolution
		{6883963F-317D-3E2A-82B3-09C48F9469C3}.Debug|x64.ActiveCfg = Debug|x64
		{6883963F-317D-3E2A-82B3-09C48F9469C3}.Debug|x64.Build.0 = Debug|x64
		{6883963F-317D-3E2A-82B3-09C48F9469C3}.Release|x64.ActiveCfg = Release|x64
		{6883963F-317D-3E2A-82B3-09C48F9469C3}.Release|x64.Build.0 = Release|x64
		{6883963F-317D-3E2A-82B3-09C48F9469C3}.MinSizeRel|x64.ActiveCfg = MinSizeRel|x64
		{6883963F-317D-3E2A-82B3-09C48F9469C3}.MinSizeRel|x64.Build.0 = MinSizeRel|x64
		{6883963F-317D-3E2A-82B3-09C48F9469C3}.RelWithDebInfo|x64.ActiveCfg = RelWithDebInfo|x64
		{6883963F-317D-3E2A-82B3-09C48F9469C3}.RelWithDebInfo|x64.Build.0 = RelWithDebInfo|x64
		{C86BB4D2-5AA4-3236-890B-21DAF392F1DB}.Debug|x64.ActiveCfg = Debug|x64
		{C86BB4D2-5AA4-3236-890B-21DAF392F1DB}.Release|x64.ActiveCfg = Release|x64
		{C86BB4D2-5AA4-3236-890B-21DAF392F1DB}.MinSizeRel|x64.ActiveCfg = MinSizeRel|x64
		{C86BB4D2-5AA4-3236-890B-21DAF392F1DB}.RelWithDebInfo|x64.ActiveCfg = RelWithDebInfo|x64
		{F39F2B3E-EAB7-3ABA-9375-672BAB079060}.Debug|x64.ActiveCfg = Debug|x64
		{F39F2B3E-EAB7-3ABA-9375-672BAB079060}.Debug|x64.Build.0 = Debug|x64
		{F39F2B3E-EAB7-3ABA-9375-672BAB079060}.Release|x64.ActiveCfg = Release|x64
		{F39F2B3E-EAB7-3ABA-9375-672BAB079060}.Release|x64.Build.0 = Release|x64
		{F39F2B3E-EAB7-3ABA-9375-672BAB079060}.MinSizeRel|x64.ActiveCfg = MinSizeRel|x64
		{F39F2B3E-EAB7-3ABA-9375-672BAB079060}.MinSizeRel|x64.Build.0 = MinSizeRel|x64
		{F39F2B3E-EAB7-3ABA-9375-672BAB079060}.RelWithDebInfo|x64.ActiveCfg = RelWithDebInfo|x64
		{F39F2B3E-EAB7-3ABA-9375-672BAB079060}.RelWithDebInfo|x64.Build.0 = RelWithDebInfo|x64
		{2E2EC6BB-70CA-31D3-BDF8-78215055EBEE}.Debug|x64.ActiveCfg = Debug|x64
		{2E2EC6BB-70CA-31D3-BDF8-78215055EBEE}.Debug|x64.Build.0 = Debug|x64
		{2E2EC6BB-70CA-31D3-BDF8-78215055EBEE}.Release|x64.ActiveCfg = Release|x64
		{2E2EC6BB-70CA-31D3-BDF8-78215055EBEE}.Release|x64.Build.0 = Release|x64
		{2E2EC6BB-70CA-31D3-BDF8-78215055EBEE}.MinSizeRel|x64.ActiveCfg = MinSizeRel|x64
		{2E2EC6BB-70CA-31D3-BDF8-78215055EBEE}.MinSizeRel|x64.Build.0 = MinSizeRel|x64
		{2E2EC6BB-70CA-31D3-BDF8-78215055EBEE}.RelWithDebInfo|x64.ActiveCfg = RelWithDebInfo|x64
		{2E2EC6BB-70CA-31D3-BDF8-78215055EBEE}.RelWithDebInfo|x64.Build.0 = RelWithDebInfo|x64
		{A5D67128-1B05-3B48-88C5-6515C8335872}.Debug|x64.ActiveCfg = Debug|x64
		{A5D67128-1B05-3B48-88C5-6515C8335872}.Debug|x64.Build.0 = Debug|x64
		{A5D67128-1B05-3B48-88C5-6515C8335872}.Release|x64.ActiveCfg = Release|x64
		{A5D67128-1B05-3B48-88C5-6515C8335872}.Release|x64.Build.0 = Release|x64
		{A5D67128-1B05-3B48-88C5-6515C8335872}.MinSizeRel|x64.ActiveCfg = MinSizeRel|x64
		{A5D67128-1B05-3B48-88C5-6515C8335872}.MinSizeRel|x64.Build.0 = MinSizeRel|x64
		{A5D67128-1B05-3B48-88C5-6515C8335872}.RelWithDebInfo|x64.ActiveCfg = RelWithDebInfo|x64
		{A5D67128-1B05-3B48-88C5-6515C8335872}.RelWithDebInfo|x64.Build.0 = RelWithDebInfo|x64
		{E1AFD59A-6775-339F-83B3-F333FC02501E}.Debug|x64.ActiveCfg = Debug|x64
		{E1AFD59A-6775-339F-83B3-F333FC02501E}.Debug|x64.Build.0 = Debug|x64
		{E1AFD59A-6775-339F-83B3-F333FC02501E}.Release|x64.ActiveCfg = Release|x64
		{E1AFD59A-6775-339F-83B3-F333FC02501E}.Release|x64.Build.0 = Release|x64
		{E1AFD59A-6775-339F-83B3-F333FC02501E}.MinSizeRel|x64.ActiveCfg = MinSizeRel|x64
		{E1AFD59A-6775-339F-83B3-F333FC02501E}.MinSizeRel|x64.Build.0 = MinSizeRel|x64
		{E1AFD59A-6775-339F-83B3-F333FC02501E}.RelWithDebInfo|x64.ActiveCfg = RelWithDebInfo|x64
		{E1AFD59A-6775-339F-83B3-F333FC02501E}.RelWithDebInfo|x64.Build.0 = RelWithDebInfo|x64
		{3513C6DC-4C25-3A6A-830A-848272A76E88}.Debug|x64.ActiveCfg = Debug|x64
		{3513C6DC-4C25-3A6A-830A-848272A76E88}.Debug|x64.Build.0 = Debug|x64
		{3513C6DC-4C25-3A6A-830A-848272A76E88}.Release|x64.ActiveCfg = Release|x64
		{3513C6DC-4C25-3A6A-830A-848272A76E88}.Release|x64.Build.0 = Release|x64
		{3513C6DC-4C25-3A6A-830A-848272A76E88}.MinSizeRel|x64.ActiveCfg = MinSizeRel|x64
		{3513C6DC-4C25-3A6A-830A-848272A76E88}.MinSizeRel|x64.Build.0 = MinSizeRel|x64
		{3513C6DC-4C25-3A6A-830A-848272A76E88}.RelWithDebInfo|x64.ActiveCfg = RelWithDebInfo|x64
		{3513C6DC-4C25-3A6A-830A-848272A76E88}.RelWithDebInfo|x64.Build.0 = RelWithDebInfo|x64
		{91544D12-BC6C-3082-AB91-68A25EA37BDD}.Debug|x64.ActiveCfg = Debug|x64
		{91544D12-BC6C-3082-AB91-68A25EA37BDD}.Debug|x64.Build.0 = Debug|x64
		{91544D12-BC6C-3082-AB91-68A25EA37BDD}.Release|x64.ActiveCfg = Release|x64
		{91544D12-BC6C-3082-AB91-68A25EA37BDD}.Release|x64.Build.0 = Release|x64
		{91544D12-BC6C-3082-AB91-68A25EA37BDD}.MinSizeRel|x64.ActiveCfg = MinSizeRel|x64
		{91544D12-BC6C-3082-AB91-68A25EA37BDD}.MinSizeRel|x64.Build.0 = MinSizeRel|x64
		{91544D12-BC6C-3082-AB91-68A25EA37BDD}.RelWithDebInfo|x64.ActiveCfg = RelWithDebInfo|x64
		{91544D12-BC6C-3082-AB91-68A25EA37BDD}.RelWithDebInfo|x64.Build.0 = RelWithDebInfo|x64
		{F1DA5938-4BB7-3A6A-B94C-F24944161081}.Debug|x64.ActiveCfg = Debug|x64
		{F1DA5938-4BB7-3A6A-B94C-F24944161081}.Debug|x64.Build.0 = Debug|x64
		{F1DA5938-4BB7-3A6A-B94C-F24944161081}.Release|x64.ActiveCfg = Release|x64
		{F1DA5938-4BB7-3A6A-B94C-F24944161081}.Release|x64.Build.0 = Release|x64
		{F1DA5938-4BB7-3A6A-B94C-F24944161081}.MinSizeRel|x64.ActiveCfg = MinSizeRel|x64
		{F1DA5938-4BB7-3A6A-B94C-F24944161081}.MinSizeRel|x64.Build.0 = MinSizeRel|x64
		{F1DA5938-4BB7-3A6A-B94C-F24944161081}.RelWithDebInfo|x64.ActiveCfg = RelWithDebInfo|x64
		{F1DA5938-4BB7-3A6A-B94C-F24944161081}.RelWithDebInfo|x64.Build.0 = RelWithDebInfo|x64
		{9CD29ACC-6400-323A-A2C4-DAFF2E4A7D51}.Debug|x64.ActiveCfg = Debug|x64
		{9CD29ACC-6400-323A-A2C4-DAFF2E4A7D51}.Debug|x64.Build.0 = Debug|x64
		{9CD29ACC-6400-323A-A2C4-DAFF2E4A7D51}.Release|x64.ActiveCfg = Release|x64
		{9CD29ACC-6400-323A-A2C4-DAFF2E4A7D51}.Release|x64.Build.0 = Release|x64
		{9CD29ACC-6400-323A-A2C4-DAFF2E4A7D51}.MinSizeRel|x64.ActiveCfg = MinSizeRel|x64
		{9CD29ACC-6400-323A-A2C4-DAFF2E4A7D51}.MinSizeRel|x64.Build.0 = MinSizeRel|x64
		{9CD29ACC-6400-323A-A2C4-DAFF2E4A7D51}.RelWithDebInfo|x64.ActiveCfg = RelWithDebInfo|x64
		{9CD29ACC-6400-323A-A2C4-DAFF2E4A7D51}.RelWithDebInfo|x64.Build.0 = RelWithDebInfo|x64
		{B15B1094-406C-39E5-A84D-1017E1A45AB3}.Debug|x64.ActiveCfg = Debug|x64
		{B15B1094-406C-39E5-A84D-1017E1A45AB3}.Debug|x64.Build.0 = Debug|x64
		{B15B1094-406C-39E5-A84D-1017E1A45AB3}.Release|x64.ActiveCfg = Release|x64
		{B15B1094-406C-39E5-A84D-1017E1A45AB3}.Release|x64.Build.0 = Release|x64
		{B15B1094-406C-39E5-A84D-1017E1A45AB3}.MinSizeRel|x64.ActiveCfg = MinSizeRel|x64
		{B15B1094-406C-39E5-A84D-1017E1A45AB3}.MinSizeRel|x64.Build.0 = MinSizeRel|x64
		{B15B1094-406C-39E5-A84D-1017E1A45AB3}.RelWithDebInfo|x64.ActiveCfg = RelWithDebInfo|x64
		{B15B1094-406C-39E5-A84D-1017E1A45AB3}.RelWithDebInfo|x64.Build.0 = RelWithDebInfo|x64
		{442683B6-3811-3764-BE5E-475BB0CE4F55}.Debug|x64.ActiveCfg = Debug|x64
		{442683B6-3811-3764-BE5E-475BB0CE4F55}.Debug|x64.Build.0 = Debug|x64
		{442683B6-3811-3764-BE5E-475BB0CE4F55}.Release|x64.ActiveCfg = Release|x64
		{442683B6-3811-3764-BE5E-475BB0CE4F55}.Release|x64.Build.0 = Release|x64
		{442683B6-3811-3764-BE5E-475BB0CE4F55}.MinSizeRel|x64.ActiveCfg = MinSizeRel|x64
		{442683B6-3811-3764-BE5E-475BB0CE4F55}.MinSizeRel|x64.Build.0 = MinSizeRel|x64
		{442683B6-3811-3764-BE5E-475BB0CE4F55}.RelWithDebInfo|x64.ActiveCfg = RelWithDebInfo|x64
		{442683B6-3811-3764-BE5E-475BB0CE4F55}.RelWithDebInfo|x64.Build.0 = RelWithDebInfo|x64
		{B38042E4-3209-3A7E-8C2D-7E2C18426D11}.Debug|x64.ActiveCfg = Debug|x64
		{B38042E4-3209-3A7E-8C2D-7E2C18426D11}.Debug|x64.Build.0 = Debug|x64
		{B38042E4-3209-3A7E-8C2D-7E2C18426D11}.Release|x64.ActiveCfg = Release|x64
		{B38042E4-3209-3A7E-8C2D-7E2C18426D11}.Release|x64.Build.0 = Release|x64
		{B38042E4-3209-3A7E-8C2D-7E2C18426D11}.MinSizeRel|x64.ActiveCfg = MinSizeRel|x64
		{B38042E4-3209-3A7E-8C2D-7E2C18426D11}.MinSizeRel|x64.Build.0 = MinSizeRel|x64
		{B38042E4-3209-3A7E-8C2D-7E2C18426D11}.RelWithDebInfo|x64.ActiveCfg = RelWithDebInfo|x64
		{B38042E4-3209-3A7E-8C2D-7E2C18426D11}.RelWithDebInfo|x64.Build.0 = RelWithDebInfo|x64
		{95C84D34-FE44-3F83-B138-EFCCE99090AB}.Debug|x64.ActiveCfg = Debug|x64
		{95C84D34-FE44-3F83-B138-EFCCE99090AB}.Debug|x64.Build.0 = Debug|x64
		{95C84D34-FE44-3F83-B138-EFCCE99090AB}.Release|x64.ActiveCfg = Release|x64
		{95C84D34-FE44-3F83-B138-EFCCE99090AB}.Release|x64.Build.0 = Release|x64
		{95C84D34-FE44-3F83-B138-EFCCE99090AB}.MinSizeRel|x64.ActiveCfg = MinSizeRel|x64
		{95C84D34-FE44-3F83-B138-EFCCE99090AB}.MinSizeRel|x64.Build.0 = MinSizeRel|x64
		{95C84D34-FE44-3F83-B138-EFCCE99090AB}.RelWithDebInfo|x64.ActiveCfg = RelWithDebInfo|x64
		{95C84D34-FE44-3F83-B138-EFCCE99090AB}.RelWithDebInfo|x64.Build.0 = RelWithDebInfo|x64
	EndGlobalSection
	GlobalSection(ExtensibilityGlobals) = postSolution
		SolutionGuid = {A7D46439-881A-312B-BA13-5D0A59B90931}
	EndGlobalSection
	GlobalSection(ExtensibilityAddIns) = postSolution
	EndGlobalSection
EndGlobal
